PODS:
  - Alamofire (4.7.2)
  - JKSteppedProgressBar (0.3.0)
  - PasswordTextField (1.1.0)
  - SwiftyJSON (4.1.0)
  - XLPagerTabStrip (5.0.0)

DEPENDENCIES:
  - Alamofire
  - JKSteppedProgressBar
  - PasswordTextField
  - SwiftyJSON
  - XLPagerTabStrip (from `https://github.com/KelvinJin/XLPagerTabStrip`, branch `swift3`)

SPEC REPOS:
  https://github.com/cocoapods/specs.git:
    - Alamofire
    - JKSteppedProgressBar
    - PasswordTextField
    - SwiftyJSON

EXTERNAL SOURCES:
  XLPagerTabStrip:
    :branch: swift3
    :git: https://github.com/KelvinJin/XLPagerTabStrip

CHECKOUT OPTIONS:
  XLPagerTabStrip:
    :commit: 99e3cbd5e6b99bb6b1fdf25f4af58fe2e38ad308
    :git: https://github.com/KelvinJin/XLPagerTabStrip

SPEC CHECKSUMS:
  Alamofire: e4fa87002c137ba2d8d634d2c51fabcda0d5c223
  JKSteppedProgressBar: c74bf22f355cbb42aef584e941c2abbbba0504eb
  PasswordTextField: 35ee7f34448c3de061136cf2556a967f1a287476
  SwiftyJSON: c29297daf073d2aa016295d5809cdd68045c39b3
  XLPagerTabStrip: 87b8b705f9a7178e76a063ffaa2d70045944a965

PODFILE CHECKSUM: f7c312bcc8d11c89d48ce7f3bdcc52d175d183f2

COCOAPODS: 1.5.3
