// !$*UTF8*$!
{
	archiveVersion = 1;
	classes = {
	};
	objectVersion = 46;
	objects = {

/* Begin PBXBuildFile section */
		00D28464DCB5202B6CC761FF /* Pods_Atareque.framework in Frameworks */ = {isa = PBXBuildFile; fileRef = 722F058D5D6B7667086A7F3E /* Pods_Atareque.framework */; settings = {ATTRIBUTES = (Required, ); }; };
		960C628A20DFE64D0031D500 /* ParentViewController.swift in Sources */ = {isa = PBXBuildFile; fileRef = 960C628920DFE64D0031D500 /* ParentViewController.swift */; };
		960E51A121087FAB009C3498 /* fifthBooking.swift in Sources */ = {isa = PBXBuildFile; fileRef = 960E51A021087FAB009C3498 /* fifthBooking.swift */; };
		960E51A32108A19D009C3498 /* lastBooking.swift in Sources */ = {isa = PBXBuildFile; fileRef = 960E51A22108A19D009C3498 /* lastBooking.swift */; };
		963E3FAB20F24BE30066A61D /* firstBooking.swift in Sources */ = {isa = PBXBuildFile; fileRef = 963E3FAA20F24BE30066A61D /* firstBooking.swift */; };
		9664D1C920FCB46100860840 /* thirdBooking.swift in Sources */ = {isa = PBXBuildFile; fileRef = 9664D1C820FCB46100860840 /* thirdBooking.swift */; };
		9665354A2104BB9D004F5E7D /* fourthBooking.swift in Sources */ = {isa = PBXBuildFile; fileRef = 966535492104BB9D004F5E7D /* fourthBooking.swift */; };
		9665354C2104C841004F5E7D /* checkBoxCell.swift in Sources */ = {isa = PBXBuildFile; fileRef = 9665354B2104C841004F5E7D /* checkBoxCell.swift */; };
		9666C2D320E0E7CA00F90031 /* Login.swift in Sources */ = {isa = PBXBuildFile; fileRef = 9666C2D220E0E7CA00F90031 /* Login.swift */; };
		9666C2D520E0E93900F90031 /* Register.swift in Sources */ = {isa = PBXBuildFile; fileRef = 9666C2D420E0E93900F90031 /* Register.swift */; };
		966C60DF20E3A0EE0072770E /* API.swift in Sources */ = {isa = PBXBuildFile; fileRef = 966C60DE20E3A0EE0072770E /* API.swift */; };
		966C60E220E3D8A20072770E /* modules.swift in Sources */ = {isa = PBXBuildFile; fileRef = 966C60E120E3D8A20072770E /* modules.swift */; };
		966D77BB20DA9ED4009CD0B5 /* AppDelegate.swift in Sources */ = {isa = PBXBuildFile; fileRef = 966D77AD20DA9ED3009CD0B5 /* AppDelegate.swift */; };
		966D77BC20DA9ED4009CD0B5 /* Assets.xcassets in Resources */ = {isa = PBXBuildFile; fileRef = 966D77AE20DA9ED3009CD0B5 /* Assets.xcassets */; };
		966D77BD20DA9ED4009CD0B5 /* LaunchScreen.storyboard in Resources */ = {isa = PBXBuildFile; fileRef = 966D77AF20DA9ED3009CD0B5 /* LaunchScreen.storyboard */; };
		966D77BE20DA9ED4009CD0B5 /* Main.storyboard in Resources */ = {isa = PBXBuildFile; fileRef = 966D77B120DA9ED3009CD0B5 /* Main.storyboard */; };
		966D77BF20DA9ED4009CD0B5 /* Info.plist in Resources */ = {isa = PBXBuildFile; fileRef = 966D77B320DA9ED3009CD0B5 /* Info.plist */; };
		966D77C020DA9ED4009CD0B5 /* MenuCell.swift in Sources */ = {isa = PBXBuildFile; fileRef = 966D77B520DA9ED3009CD0B5 /* MenuCell.swift */; };
		966D77C120DA9ED4009CD0B5 /* menuViewController.swift in Sources */ = {isa = PBXBuildFile; fileRef = 966D77B620DA9ED3009CD0B5 /* menuViewController.swift */; };
		966D77C220DA9ED4009CD0B5 /* GalleryViewController.swift in Sources */ = {isa = PBXBuildFile; fileRef = 966D77B720DA9ED3009CD0B5 /* GalleryViewController.swift */; };
		966D77C320DA9ED4009CD0B5 /* SWRevealViewController.m in Sources */ = {isa = PBXBuildFile; fileRef = 966D77B920DA9ED3009CD0B5 /* SWRevealViewController.m */; };
		966D77C420DA9ED4009CD0B5 /* ViewController.swift in Sources */ = {isa = PBXBuildFile; fileRef = 966D77BA20DA9ED3009CD0B5 /* ViewController.swift */; };
		9676F5DD20FB612C00C2A3DD /* secondBookingCell.swift in Sources */ = {isa = PBXBuildFile; fileRef = 9676F5DC20FB612C00C2A3DD /* secondBookingCell.swift */; };
		967F3C4920F4EC73003CA287 /* secondBooking.swift in Sources */ = {isa = PBXBuildFile; fileRef = 967F3C4820F4EC73003CA287 /* secondBooking.swift */; };
		969508D520E4EDB100152FC2 /* HistoryVC.swift in Sources */ = {isa = PBXBuildFile; fileRef = 969508D420E4EDB100152FC2 /* HistoryVC.swift */; };
		969508D820E4FC7500152FC2 /* HistoryCell.swift in Sources */ = {isa = PBXBuildFile; fileRef = 969508D720E4FC7500152FC2 /* HistoryCell.swift */; };
		969508DF20E50F7D00152FC2 /* AlertManager.swift in Sources */ = {isa = PBXBuildFile; fileRef = 969508DA20E50F7D00152FC2 /* AlertManager.swift */; };
		969508E020E50F7D00152FC2 /* Extensions.swift in Sources */ = {isa = PBXBuildFile; fileRef = 969508DB20E50F7D00152FC2 /* Extensions.swift */; };
		969508E220E50F7D00152FC2 /* JSON+Extention.swift in Sources */ = {isa = PBXBuildFile; fileRef = 969508DD20E50F7D00152FC2 /* JSON+Extention.swift */; };
		969508E520E527E000152FC2 /* helper.swift in Sources */ = {isa = PBXBuildFile; fileRef = 969508E420E527E000152FC2 /* helper.swift */; };
		96B6919D20F24E4200DA4444 /* XLPagerTabStrip.framework in Frameworks */ = {isa = PBXBuildFile; fileRef = 96B6919C20F24E4200DA4444 /* XLPagerTabStrip.framework */; };
		B222F1FD1DAA30330089573D /* AtarequeTests.swift in Sources */ = {isa = PBXBuildFile; fileRef = B222F1FC1DAA30330089573D /* AtarequeTests.swift */; };
		B222F2081DAA30330089573D /* AtarequeUITests.swift in Sources */ = {isa = PBXBuildFile; fileRef = B222F2071DAA30330089573D /* AtarequeUITests.swift */; };
/* End PBXBuildFile section */

/* Begin PBXContainerItemProxy section */
		B222F1F91DAA30330089573D /* PBXContainerItemProxy */ = {
			isa = PBXContainerItemProxy;
			containerPortal = B222F1DC1DAA30320089573D /* Project object */;
			proxyType = 1;
			remoteGlobalIDString = B222F1E31DAA30320089573D;
			remoteInfo = memuDemo;
		};
		B222F2041DAA30330089573D /* PBXContainerItemProxy */ = {
			isa = PBXContainerItemProxy;
			containerPortal = B222F1DC1DAA30320089573D /* Project object */;
			proxyType = 1;
			remoteGlobalIDString = B222F1E31DAA30320089573D;
			remoteInfo = memuDemo;
		};
/* End PBXContainerItemProxy section */

/* Begin PBXFileReference section */
		1A65674F3DE9609DB7896040 /* Pods-Atareque.release.xcconfig */ = {isa = PBXFileReference; includeInIndex = 1; lastKnownFileType = text.xcconfig; name = "Pods-Atareque.release.xcconfig"; path = "Pods/Target Support Files/Pods-Atareque/Pods-Atareque.release.xcconfig"; sourceTree = "<group>"; };
		1FF4783019D67F7FCD3EC4E6 /* Pods_Atareque_AtarequeUITests.framework */ = {isa = PBXFileReference; explicitFileType = wrapper.framework; includeInIndex = 0; path = Pods_Atareque_AtarequeUITests.framework; sourceTree = BUILT_PRODUCTS_DIR; };
		2BE4088D83741790843EF160 /* Pods_Atareque_AtarequeTests.framework */ = {isa = PBXFileReference; explicitFileType = wrapper.framework; includeInIndex = 0; path = Pods_Atareque_AtarequeTests.framework; sourceTree = BUILT_PRODUCTS_DIR; };
		341E288278BB84F8ED46ECE3 /* Pods_AtarequeUITests.framework */ = {isa = PBXFileReference; explicitFileType = wrapper.framework; includeInIndex = 0; path = Pods_AtarequeUITests.framework; sourceTree = BUILT_PRODUCTS_DIR; };
		5125DD2A6BDD674DE5B0E4BC /* Pods-Atareque.debug.xcconfig */ = {isa = PBXFileReference; includeInIndex = 1; lastKnownFileType = text.xcconfig; name = "Pods-Atareque.debug.xcconfig"; path = "Pods/Target Support Files/Pods-Atareque/Pods-Atareque.debug.xcconfig"; sourceTree = "<group>"; };
		722F058D5D6B7667086A7F3E /* Pods_Atareque.framework */ = {isa = PBXFileReference; explicitFileType = wrapper.framework; includeInIndex = 0; path = Pods_Atareque.framework; sourceTree = BUILT_PRODUCTS_DIR; };
		73386C4AE6A2283CED3FE770 /* Pods_AtarequeTests.framework */ = {isa = PBXFileReference; explicitFileType = wrapper.framework; includeInIndex = 0; path = Pods_AtarequeTests.framework; sourceTree = BUILT_PRODUCTS_DIR; };
		960C628920DFE64D0031D500 /* ParentViewController.swift */ = {isa = PBXFileReference; lastKnownFileType = sourcecode.swift; path = ParentViewController.swift; sourceTree = "<group>"; };
		960E51A021087FAB009C3498 /* fifthBooking.swift */ = {isa = PBXFileReference; lastKnownFileType = sourcecode.swift; path = fifthBooking.swift; sourceTree = "<group>"; };
		960E51A22108A19D009C3498 /* lastBooking.swift */ = {isa = PBXFileReference; lastKnownFileType = sourcecode.swift; path = lastBooking.swift; sourceTree = "<group>"; };
		963E3FAA20F24BE30066A61D /* firstBooking.swift */ = {isa = PBXFileReference; indentWidth = 4; lastKnownFileType = sourcecode.swift; path = firstBooking.swift; sourceTree = "<group>"; tabWidth = 5; };
		96503AC320DFEFDC00620E63 /* XLPagerTabStrip.framework */ = {isa = PBXFileReference; explicitFileType = wrapper.framework; path = XLPagerTabStrip.framework; sourceTree = BUILT_PRODUCTS_DIR; };
		9664D1C820FCB46100860840 /* thirdBooking.swift */ = {isa = PBXFileReference; lastKnownFileType = sourcecode.swift; path = thirdBooking.swift; sourceTree = "<group>"; };
		966535492104BB9D004F5E7D /* fourthBooking.swift */ = {isa = PBXFileReference; lastKnownFileType = sourcecode.swift; path = fourthBooking.swift; sourceTree = "<group>"; };
		9665354B2104C841004F5E7D /* checkBoxCell.swift */ = {isa = PBXFileReference; lastKnownFileType = sourcecode.swift; path = checkBoxCell.swift; sourceTree = "<group>"; };
		9666C2D220E0E7CA00F90031 /* Login.swift */ = {isa = PBXFileReference; lastKnownFileType = sourcecode.swift; path = Login.swift; sourceTree = "<group>"; };
		9666C2D420E0E93900F90031 /* Register.swift */ = {isa = PBXFileReference; lastKnownFileType = sourcecode.swift; path = Register.swift; sourceTree = "<group>"; };
		966C60DE20E3A0EE0072770E /* API.swift */ = {isa = PBXFileReference; lastKnownFileType = sourcecode.swift; path = API.swift; sourceTree = "<group>"; };
		966C60E120E3D8A20072770E /* modules.swift */ = {isa = PBXFileReference; lastKnownFileType = sourcecode.swift; path = modules.swift; sourceTree = "<group>"; };
		966D77AD20DA9ED3009CD0B5 /* AppDelegate.swift */ = {isa = PBXFileReference; fileEncoding = 4; lastKnownFileType = sourcecode.swift; path = AppDelegate.swift; sourceTree = "<group>"; };
		966D77AE20DA9ED3009CD0B5 /* Assets.xcassets */ = {isa = PBXFileReference; lastKnownFileType = folder.assetcatalog; path = Assets.xcassets; sourceTree = "<group>"; };
		966D77B020DA9ED3009CD0B5 /* Base */ = {isa = PBXFileReference; lastKnownFileType = file.storyboard; name = Base; path = Base.lproj/LaunchScreen.storyboard; sourceTree = "<group>"; };
		966D77B220DA9ED3009CD0B5 /* Base */ = {isa = PBXFileReference; lastKnownFileType = file.storyboard; name = Base; path = Base.lproj/Main.storyboard; sourceTree = "<group>"; };
		966D77B320DA9ED3009CD0B5 /* Info.plist */ = {isa = PBXFileReference; fileEncoding = 4; lastKnownFileType = text.plist.xml; path = Info.plist; sourceTree = "<group>"; };
		966D77B420DA9ED3009CD0B5 /* Atareque-Bridging-Header.h */ = {isa = PBXFileReference; fileEncoding = 4; lastKnownFileType = sourcecode.c.h; path = "Atareque-Bridging-Header.h"; sourceTree = "<group>"; };
		966D77B520DA9ED3009CD0B5 /* MenuCell.swift */ = {isa = PBXFileReference; fileEncoding = 4; lastKnownFileType = sourcecode.swift; path = MenuCell.swift; sourceTree = "<group>"; };
		966D77B620DA9ED3009CD0B5 /* menuViewController.swift */ = {isa = PBXFileReference; fileEncoding = 4; lastKnownFileType = sourcecode.swift; path = menuViewController.swift; sourceTree = "<group>"; };
		966D77B720DA9ED3009CD0B5 /* GalleryViewController.swift */ = {isa = PBXFileReference; fileEncoding = 4; lastKnownFileType = sourcecode.swift; path = GalleryViewController.swift; sourceTree = "<group>"; };
		966D77B820DA9ED3009CD0B5 /* SWRevealViewController.h */ = {isa = PBXFileReference; fileEncoding = 4; lastKnownFileType = sourcecode.c.h; path = SWRevealViewController.h; sourceTree = "<group>"; };
		966D77B920DA9ED3009CD0B5 /* SWRevealViewController.m */ = {isa = PBXFileReference; fileEncoding = 4; lastKnownFileType = sourcecode.c.objc; path = SWRevealViewController.m; sourceTree = "<group>"; };
		966D77BA20DA9ED3009CD0B5 /* ViewController.swift */ = {isa = PBXFileReference; fileEncoding = 4; lastKnownFileType = sourcecode.swift; path = ViewController.swift; sourceTree = "<group>"; };
		9676F5DC20FB612C00C2A3DD /* secondBookingCell.swift */ = {isa = PBXFileReference; lastKnownFileType = sourcecode.swift; path = secondBookingCell.swift; sourceTree = "<group>"; };
		967F3C4820F4EC73003CA287 /* secondBooking.swift */ = {isa = PBXFileReference; lastKnownFileType = sourcecode.swift; path = secondBooking.swift; sourceTree = "<group>"; };
		9681412420E0EB5B007334E6 /* XLPagerTabStrip.framework */ = {isa = PBXFileReference; explicitFileType = wrapper.framework; path = XLPagerTabStrip.framework; sourceTree = BUILT_PRODUCTS_DIR; };
		969508D420E4EDB100152FC2 /* HistoryVC.swift */ = {isa = PBXFileReference; lastKnownFileType = sourcecode.swift; path = HistoryVC.swift; sourceTree = "<group>"; };
		969508D720E4FC7500152FC2 /* HistoryCell.swift */ = {isa = PBXFileReference; lastKnownFileType = sourcecode.swift; path = HistoryCell.swift; sourceTree = "<group>"; };
		969508DA20E50F7D00152FC2 /* AlertManager.swift */ = {isa = PBXFileReference; fileEncoding = 4; lastKnownFileType = sourcecode.swift; path = AlertManager.swift; sourceTree = "<group>"; };
		969508DB20E50F7D00152FC2 /* Extensions.swift */ = {isa = PBXFileReference; fileEncoding = 4; lastKnownFileType = sourcecode.swift; path = Extensions.swift; sourceTree = "<group>"; };
		969508DD20E50F7D00152FC2 /* JSON+Extention.swift */ = {isa = PBXFileReference; fileEncoding = 4; lastKnownFileType = sourcecode.swift; path = "JSON+Extention.swift"; sourceTree = "<group>"; };
		969508E420E527E000152FC2 /* helper.swift */ = {isa = PBXFileReference; fileEncoding = 4; lastKnownFileType = sourcecode.swift; path = helper.swift; sourceTree = "<group>"; };
		96B6919C20F24E4200DA4444 /* XLPagerTabStrip.framework */ = {isa = PBXFileReference; explicitFileType = wrapper.framework; path = XLPagerTabStrip.framework; sourceTree = BUILT_PRODUCTS_DIR; };
		96B6919E20F24E4900DA4444 /* StepIndicator.framework */ = {isa = PBXFileReference; explicitFileType = wrapper.framework; path = StepIndicator.framework; sourceTree = BUILT_PRODUCTS_DIR; };
		B04A71192532C77317D7D9A4 /* Pods-AtarequeUITests.release.xcconfig */ = {isa = PBXFileReference; includeInIndex = 1; lastKnownFileType = text.xcconfig; name = "Pods-AtarequeUITests.release.xcconfig"; path = "Pods/Target Support Files/Pods-AtarequeUITests/Pods-AtarequeUITests.release.xcconfig"; sourceTree = "<group>"; };
		B222F1E41DAA30330089573D /* Atareque.app */ = {isa = PBXFileReference; explicitFileType = wrapper.application; includeInIndex = 0; path = Atareque.app; sourceTree = BUILT_PRODUCTS_DIR; };
		B222F1F81DAA30330089573D /* AtarequeTests.xctest */ = {isa = PBXFileReference; explicitFileType = wrapper.cfbundle; includeInIndex = 0; path = AtarequeTests.xctest; sourceTree = BUILT_PRODUCTS_DIR; };
		B222F1FC1DAA30330089573D /* AtarequeTests.swift */ = {isa = PBXFileReference; lastKnownFileType = sourcecode.swift; path = AtarequeTests.swift; sourceTree = "<group>"; };
		B222F1FE1DAA30330089573D /* Info.plist */ = {isa = PBXFileReference; lastKnownFileType = text.plist.xml; path = Info.plist; sourceTree = "<group>"; };
		B222F2031DAA30330089573D /* AtarequeUITests.xctest */ = {isa = PBXFileReference; explicitFileType = wrapper.cfbundle; includeInIndex = 0; path = AtarequeUITests.xctest; sourceTree = BUILT_PRODUCTS_DIR; };
		B222F2071DAA30330089573D /* AtarequeUITests.swift */ = {isa = PBXFileReference; lastKnownFileType = sourcecode.swift; path = AtarequeUITests.swift; sourceTree = "<group>"; };
		B222F2091DAA30330089573D /* Info.plist */ = {isa = PBXFileReference; lastKnownFileType = text.plist.xml; path = Info.plist; sourceTree = "<group>"; };
		B228EA52DAE1F8690B09FAD5 /* Pods-AtarequeUITests.debug.xcconfig */ = {isa = PBXFileReference; includeInIndex = 1; lastKnownFileType = text.xcconfig; name = "Pods-AtarequeUITests.debug.xcconfig"; path = "Pods/Target Support Files/Pods-AtarequeUITests/Pods-AtarequeUITests.debug.xcconfig"; sourceTree = "<group>"; };
		BC406DD3471453E81DB9D0B8 /* Pods-AtarequeTests.release.xcconfig */ = {isa = PBXFileReference; includeInIndex = 1; lastKnownFileType = text.xcconfig; name = "Pods-AtarequeTests.release.xcconfig"; path = "Pods/Target Support Files/Pods-AtarequeTests/Pods-AtarequeTests.release.xcconfig"; sourceTree = "<group>"; };
		D2283A26E39C2DF3910C5084 /* Pods-AtarequeTests.debug.xcconfig */ = {isa = PBXFileReference; includeInIndex = 1; lastKnownFileType = text.xcconfig; name = "Pods-AtarequeTests.debug.xcconfig"; path = "Pods/Target Support Files/Pods-AtarequeTests/Pods-AtarequeTests.debug.xcconfig"; sourceTree = "<group>"; };
/* End PBXFileReference section */

/* Begin PBXFrameworksBuildPhase section */
		B222F1E11DAA30320089573D /* Frameworks */ = {
			isa = PBXFrameworksBuildPhase;
			buildActionMask = 2147483647;
			files = (
				96B6919D20F24E4200DA4444 /* XLPagerTabStrip.framework in Frameworks */,
				00D28464DCB5202B6CC761FF /* Pods_Atareque.framework in Frameworks */,
			);
			runOnlyForDeploymentPostprocessing = 0;
		};
		B222F1F51DAA30330089573D /* Frameworks */ = {
			isa = PBXFrameworksBuildPhase;
			buildActionMask = 2147483647;
			files = (
			);
			runOnlyForDeploymentPostprocessing = 0;
		};
		B222F2001DAA30330089573D /* Frameworks */ = {
			isa = PBXFrameworksBuildPhase;
			buildActionMask = 2147483647;
			files = (
			);
			runOnlyForDeploymentPostprocessing = 0;
		};
/* End PBXFrameworksBuildPhase section */

/* Begin PBXGroup section */
		619FBE84BA9927CBCBBFA259 /* Pods */ = {
			isa = PBXGroup;
			children = (
				5125DD2A6BDD674DE5B0E4BC /* Pods-Atareque.debug.xcconfig */,
				1A65674F3DE9609DB7896040 /* Pods-Atareque.release.xcconfig */,
				D2283A26E39C2DF3910C5084 /* Pods-AtarequeTests.debug.xcconfig */,
				BC406DD3471453E81DB9D0B8 /* Pods-AtarequeTests.release.xcconfig */,
				B228EA52DAE1F8690B09FAD5 /* Pods-AtarequeUITests.debug.xcconfig */,
				B04A71192532C77317D7D9A4 /* Pods-AtarequeUITests.release.xcconfig */,
			);
			name = Pods;
			sourceTree = "<group>";
		};
		9197B5A7A786332049EA56AF /* Frameworks */ = {
			isa = PBXGroup;
			children = (
				96B6919E20F24E4900DA4444 /* StepIndicator.framework */,
				96B6919C20F24E4200DA4444 /* XLPagerTabStrip.framework */,
				9681412420E0EB5B007334E6 /* XLPagerTabStrip.framework */,
				96503AC320DFEFDC00620E63 /* XLPagerTabStrip.framework */,
				73386C4AE6A2283CED3FE770 /* Pods_AtarequeTests.framework */,
				341E288278BB84F8ED46ECE3 /* Pods_AtarequeUITests.framework */,
				722F058D5D6B7667086A7F3E /* Pods_Atareque.framework */,
				2BE4088D83741790843EF160 /* Pods_Atareque_AtarequeTests.framework */,
				1FF4783019D67F7FCD3EC4E6 /* Pods_Atareque_AtarequeUITests.framework */,
			);
			name = Frameworks;
			sourceTree = "<group>";
		};
		966C60DD20E3A0D40072770E /* web Service */ = {
			isa = PBXGroup;
			children = (
				966C60DE20E3A0EE0072770E /* API.swift */,
			);
			path = "web Service";
			sourceTree = "<group>";
		};
		966C60E020E3D87D0072770E /* models */ = {
			isa = PBXGroup;
			children = (
				966C60E120E3D8A20072770E /* modules.swift */,
				969508E420E527E000152FC2 /* helper.swift */,
			);
			path = models;
			sourceTree = "<group>";
		};
		966D77AC20DA9ED3009CD0B5 /* Atareque */ = {
			isa = PBXGroup;
			children = (
				966D77AE20DA9ED3009CD0B5 /* Assets.xcassets */,
				966D77AF20DA9ED3009CD0B5 /* LaunchScreen.storyboard */,
				966D77B320DA9ED3009CD0B5 /* Info.plist */,
				966D77B420DA9ED3009CD0B5 /* Atareque-Bridging-Header.h */,
				966D77B820DA9ED3009CD0B5 /* SWRevealViewController.h */,
				966D77B920DA9ED3009CD0B5 /* SWRevealViewController.m */,
			);
			path = Atareque;
			sourceTree = "<group>";
		};
		966D77C520DAA35B009CD0B5 /* controllers */ = {
			isa = PBXGroup;
			children = (
				967F3C4720F4DE73003CA287 /* booking */,
				969508D620E4FC4200152FC2 /* cell */,
				966D77AD20DA9ED3009CD0B5 /* AppDelegate.swift */,
				966D77B620DA9ED3009CD0B5 /* menuViewController.swift */,
				966D77B720DA9ED3009CD0B5 /* GalleryViewController.swift */,
				966D77BA20DA9ED3009CD0B5 /* ViewController.swift */,
				966D77B120DA9ED3009CD0B5 /* Main.storyboard */,
				960C628920DFE64D0031D500 /* ParentViewController.swift */,
				9666C2D220E0E7CA00F90031 /* Login.swift */,
				9666C2D420E0E93900F90031 /* Register.swift */,
				969508D420E4EDB100152FC2 /* HistoryVC.swift */,
			);
			path = controllers;
			sourceTree = "<group>";
		};
		967F3C4720F4DE73003CA287 /* booking */ = {
			isa = PBXGroup;
			children = (
				963E3FAA20F24BE30066A61D /* firstBooking.swift */,
				967F3C4820F4EC73003CA287 /* secondBooking.swift */,
				9664D1C820FCB46100860840 /* thirdBooking.swift */,
				966535492104BB9D004F5E7D /* fourthBooking.swift */,
				960E51A021087FAB009C3498 /* fifthBooking.swift */,
				960E51A22108A19D009C3498 /* lastBooking.swift */,
			);
			path = booking;
			sourceTree = "<group>";
		};
		969508D620E4FC4200152FC2 /* cell */ = {
			isa = PBXGroup;
			children = (
				969508D720E4FC7500152FC2 /* HistoryCell.swift */,
				966D77B520DA9ED3009CD0B5 /* MenuCell.swift */,
				9676F5DC20FB612C00C2A3DD /* secondBookingCell.swift */,
				9665354B2104C841004F5E7D /* checkBoxCell.swift */,
			);
			path = cell;
			sourceTree = "<group>";
		};
		969508D920E50F7D00152FC2 /* Vendor */ = {
			isa = PBXGroup;
			children = (
				969508DA20E50F7D00152FC2 /* AlertManager.swift */,
				969508DB20E50F7D00152FC2 /* Extensions.swift */,
				969508DD20E50F7D00152FC2 /* JSON+Extention.swift */,
			);
			path = Vendor;
			sourceTree = "<group>";
		};
		B222F1DB1DAA30320089573D = {
			isa = PBXGroup;
			children = (
				969508D920E50F7D00152FC2 /* Vendor */,
				966C60E020E3D87D0072770E /* models */,
				966C60DD20E3A0D40072770E /* web Service */,
				966D77C520DAA35B009CD0B5 /* controllers */,
				966D77AC20DA9ED3009CD0B5 /* Atareque */,
				B222F1FB1DAA30330089573D /* AtarequeTests */,
				B222F2061DAA30330089573D /* AtarequeUITests */,
				B222F1E51DAA30330089573D /* Products */,
				619FBE84BA9927CBCBBFA259 /* Pods */,
				9197B5A7A786332049EA56AF /* Frameworks */,
			);
			sourceTree = "<group>";
		};
		B222F1E51DAA30330089573D /* Products */ = {
			isa = PBXGroup;
			children = (
				B222F1E41DAA30330089573D /* Atareque.app */,
				B222F1F81DAA30330089573D /* AtarequeTests.xctest */,
				B222F2031DAA30330089573D /* AtarequeUITests.xctest */,
			);
			name = Products;
			sourceTree = "<group>";
		};
		B222F1FB1DAA30330089573D /* AtarequeTests */ = {
			isa = PBXGroup;
			children = (
				B222F1FC1DAA30330089573D /* AtarequeTests.swift */,
				B222F1FE1DAA30330089573D /* Info.plist */,
			);
			path = AtarequeTests;
			sourceTree = "<group>";
		};
		B222F2061DAA30330089573D /* AtarequeUITests */ = {
			isa = PBXGroup;
			children = (
				B222F2071DAA30330089573D /* AtarequeUITests.swift */,
				B222F2091DAA30330089573D /* Info.plist */,
			);
			path = AtarequeUITests;
			sourceTree = "<group>";
		};
/* End PBXGroup section */

/* Begin PBXNativeTarget section */
		B222F1E31DAA30320089573D /* Atareque */ = {
			isa = PBXNativeTarget;
			buildConfigurationList = B222F20C1DAA30330089573D /* Build configuration list for PBXNativeTarget "Atareque" */;
			buildPhases = (
				168F3E0B9348FD76CEDEE7FE /* [CP] Check Pods Manifest.lock */,
				B222F1E01DAA30320089573D /* Sources */,
				B222F1E11DAA30320089573D /* Frameworks */,
				B222F1E21DAA30320089573D /* Resources */,
				C2F274FC4072D65F0A435A69 /* [CP] Embed Pods Frameworks */,
			);
			buildRules = (
			);
			dependencies = (
			);
			name = Atareque;
			productName = memuDemo;
			productReference = B222F1E41DAA30330089573D /* Atareque.app */;
			productType = "com.apple.product-type.application";
		};
		B222F1F71DAA30330089573D /* AtarequeTests */ = {
			isa = PBXNativeTarget;
			buildConfigurationList = B222F20F1DAA30330089573D /* Build configuration list for PBXNativeTarget "AtarequeTests" */;
			buildPhases = (
				B222F1F41DAA30330089573D /* Sources */,
				B222F1F51DAA30330089573D /* Frameworks */,
				B222F1F61DAA30330089573D /* Resources */,
			);
			buildRules = (
			);
			dependencies = (
				B222F1FA1DAA30330089573D /* PBXTargetDependency */,
			);
			name = AtarequeTests;
			productName = memuDemoTests;
			productReference = B222F1F81DAA30330089573D /* AtarequeTests.xctest */;
			productType = "com.apple.product-type.bundle.unit-test";
		};
		B222F2021DAA30330089573D /* AtarequeUITests */ = {
			isa = PBXNativeTarget;
			buildConfigurationList = B222F2121DAA30330089573D /* Build configuration list for PBXNativeTarget "AtarequeUITests" */;
			buildPhases = (
				B222F1FF1DAA30330089573D /* Sources */,
				B222F2001DAA30330089573D /* Frameworks */,
				B222F2011DAA30330089573D /* Resources */,
			);
			buildRules = (
			);
			dependencies = (
				B222F2051DAA30330089573D /* PBXTargetDependency */,
			);
			name = AtarequeUITests;
			productName = memuDemoUITests;
			productReference = B222F2031DAA30330089573D /* AtarequeUITests.xctest */;
			productType = "com.apple.product-type.bundle.ui-testing";
		};
/* End PBXNativeTarget section */

/* Begin PBXProject section */
		B222F1DC1DAA30320089573D /* Project object */ = {
			isa = PBXProject;
			attributes = {
				LastSwiftUpdateCheck = 0800;
				LastUpgradeCheck = 0800;
				ORGANIZATIONNAME = "Parth Changela";
				TargetAttributes = {
					B222F1E31DAA30320089573D = {
						CreatedOnToolsVersion = 8.0;
						DevelopmentTeam = 5V8T3L6X7Y;
						LastSwiftMigration = 0930;
						ProvisioningStyle = Automatic;
					};
					B222F1F71DAA30330089573D = {
						CreatedOnToolsVersion = 8.0;
						ProvisioningStyle = Automatic;
						TestTargetID = B222F1E31DAA30320089573D;
					};
					B222F2021DAA30330089573D = {
						CreatedOnToolsVersion = 8.0;
						ProvisioningStyle = Automatic;
						TestTargetID = B222F1E31DAA30320089573D;
					};
				};
			};
			buildConfigurationList = B222F1DF1DAA30320089573D /* Build configuration list for PBXProject "Atareque" */;
			compatibilityVersion = "Xcode 3.2";
			developmentRegion = English;
			hasScannedForEncodings = 0;
			knownRegions = (
				en,
				Base,
			);
			mainGroup = B222F1DB1DAA30320089573D;
			productRefGroup = B222F1E51DAA30330089573D /* Products */;
			projectDirPath = "";
			projectRoot = "";
			targets = (
				B222F1E31DAA30320089573D /* Atareque */,
				B222F1F71DAA30330089573D /* AtarequeTests */,
				B222F2021DAA30330089573D /* AtarequeUITests */,
			);
		};
/* End PBXProject section */

/* Begin PBXResourcesBuildPhase section */
		B222F1E21DAA30320089573D /* Resources */ = {
			isa = PBXResourcesBuildPhase;
			buildActionMask = 2147483647;
			files = (
				966D77BF20DA9ED4009CD0B5 /* Info.plist in Resources */,
				966D77BE20DA9ED4009CD0B5 /* Main.storyboard in Resources */,
				966D77BC20DA9ED4009CD0B5 /* Assets.xcassets in Resources */,
				966D77BD20DA9ED4009CD0B5 /* LaunchScreen.storyboard in Resources */,
			);
			runOnlyForDeploymentPostprocessing = 0;
		};
		B222F1F61DAA30330089573D /* Resources */ = {
			isa = PBXResourcesBuildPhase;
			buildActionMask = 2147483647;
			files = (
			);
			runOnlyForDeploymentPostprocessing = 0;
		};
		B222F2011DAA30330089573D /* Resources */ = {
			isa = PBXResourcesBuildPhase;
			buildActionMask = 2147483647;
			files = (
			);
			runOnlyForDeploymentPostprocessing = 0;
		};
/* End PBXResourcesBuildPhase section */

/* Begin PBXShellScriptBuildPhase section */
		168F3E0B9348FD76CEDEE7FE /* [CP] Check Pods Manifest.lock */ = {
			isa = PBXShellScriptBuildPhase;
			buildActionMask = 2147483647;
			files = (
			);
			inputPaths = (
				"${PODS_PODFILE_DIR_PATH}/Podfile.lock",
				"${PODS_ROOT}/Manifest.lock",
			);
			name = "[CP] Check Pods Manifest.lock";
			outputPaths = (
				"$(DERIVED_FILE_DIR)/Pods-Atareque-checkManifestLockResult.txt",
			);
			runOnlyForDeploymentPostprocessing = 0;
			shellPath = /bin/sh;
			shellScript = "diff \"${PODS_PODFILE_DIR_PATH}/Podfile.lock\" \"${PODS_ROOT}/Manifest.lock\" > /dev/null\nif [ $? != 0 ] ; then\n    # print error to STDERR\n    echo \"error: The sandbox is not in sync with the Podfile.lock. Run 'pod install' or update your CocoaPods installation.\" >&2\n    exit 1\nfi\n# This output is used by Xcode 'outputs' to avoid re-running this script phase.\necho \"SUCCESS\" > \"${SCRIPT_OUTPUT_FILE_0}\"\n";
			showEnvVarsInLog = 0;
		};
		C2F274FC4072D65F0A435A69 /* [CP] Embed Pods Frameworks */ = {
			isa = PBXShellScriptBuildPhase;
			buildActionMask = 2147483647;
			files = (
			);
			inputPaths = (
				"${SRCROOT}/Pods/Target Support Files/Pods-Atareque/Pods-Atareque-frameworks.sh",
				"${BUILT_PRODUCTS_DIR}/Alamofire/Alamofire.framework",
				"${BUILT_PRODUCTS_DIR}/JKSteppedProgressBar/JKSteppedProgressBar.framework",
				"${BUILT_PRODUCTS_DIR}/PasswordTextField/PasswordTextField.framework",
				"${BUILT_PRODUCTS_DIR}/SwiftyJSON/SwiftyJSON.framework",
				"${BUILT_PRODUCTS_DIR}/XLPagerTabStrip/XLPagerTabStrip.framework",
			);
			name = "[CP] Embed Pods Frameworks";
			outputPaths = (
				"${TARGET_BUILD_DIR}/${FRAMEWORKS_FOLDER_PATH}/Alamofire.framework",
				"${TARGET_BUILD_DIR}/${FRAMEWORKS_FOLDER_PATH}/JKSteppedProgressBar.framework",
				"${TARGET_BUILD_DIR}/${FRAMEWORKS_FOLDER_PATH}/PasswordTextField.framework",
				"${TARGET_BUILD_DIR}/${FRAMEWORKS_FOLDER_PATH}/SwiftyJSON.framework",
				"${TARGET_BUILD_DIR}/${FRAMEWORKS_FOLDER_PATH}/XLPagerTabStrip.framework",
			);
			runOnlyForDeploymentPostprocessing = 0;
			shellPath = /bin/sh;
			shellScript = "\"${SRCROOT}/Pods/Target Support Files/Pods-Atareque/Pods-Atareque-frameworks.sh\"\n";
			showEnvVarsInLog = 0;
		};
/* End PBXShellScriptBuildPhase section */

/* Begin PBXSourcesBuildPhase section */
		B222F1E01DAA30320089573D /* Sources */ = {
			isa = PBXSourcesBuildPhase;
			buildActionMask = 2147483647;
			files = (
				966D77C420DA9ED4009CD0B5 /* ViewController.swift in Sources */,
				969508D520E4EDB100152FC2 /* HistoryVC.swift in Sources */,
				963E3FAB20F24BE30066A61D /* firstBooking.swift in Sources */,
				966D77C120DA9ED4009CD0B5 /* menuViewController.swift in Sources */,
				969508D820E4FC7500152FC2 /* HistoryCell.swift in Sources */,
				966D77C020DA9ED4009CD0B5 /* MenuCell.swift in Sources */,
				9666C2D520E0E93900F90031 /* Register.swift in Sources */,
				969508E520E527E000152FC2 /* helper.swift in Sources */,
				966C60DF20E3A0EE0072770E /* API.swift in Sources */,
				960C628A20DFE64D0031D500 /* ParentViewController.swift in Sources */,
				9665354C2104C841004F5E7D /* checkBoxCell.swift in Sources */,
				966D77C320DA9ED4009CD0B5 /* SWRevealViewController.m in Sources */,
				9665354A2104BB9D004F5E7D /* fourthBooking.swift in Sources */,
				9676F5DD20FB612C00C2A3DD /* secondBookingCell.swift in Sources */,
				969508E220E50F7D00152FC2 /* JSON+Extention.swift in Sources */,
				9664D1C920FCB46100860840 /* thirdBooking.swift in Sources */,
				966D77C220DA9ED4009CD0B5 /* GalleryViewController.swift in Sources */,
				969508E020E50F7D00152FC2 /* Extensions.swift in Sources */,
				967F3C4920F4EC73003CA287 /* secondBooking.swift in Sources */,
				966C60E220E3D8A20072770E /* modules.swift in Sources */,
				966D77BB20DA9ED4009CD0B5 /* AppDelegate.swift in Sources */,
				969508DF20E50F7D00152FC2 /* AlertManager.swift in Sources */,
				9666C2D320E0E7CA00F90031 /* Login.swift in Sources */,
				960E51A121087FAB009C3498 /* fifthBooking.swift in Sources */,
				960E51A32108A19D009C3498 /* lastBooking.swift in Sources */,
			);
			runOnlyForDeploymentPostprocessing = 0;
		};
		B222F1F41DAA30330089573D /* Sources */ = {
			isa = PBXSourcesBuildPhase;
			buildActionMask = 2147483647;
			files = (
				B222F1FD1DAA30330089573D /* AtarequeTests.swift in Sources */,
			);
			runOnlyForDeploymentPostprocessing = 0;
		};
		B222F1FF1DAA30330089573D /* Sources */ = {
			isa = PBXSourcesBuildPhase;
			buildActionMask = 2147483647;
			files = (
				B222F2081DAA30330089573D /* AtarequeUITests.swift in Sources */,
			);
			runOnlyForDeploymentPostprocessing = 0;
		};
/* End PBXSourcesBuildPhase section */

/* Begin PBXTargetDependency section */
		B222F1FA1DAA30330089573D /* PBXTargetDependency */ = {
			isa = PBXTargetDependency;
			target = B222F1E31DAA30320089573D /* Atareque */;
			targetProxy = B222F1F91DAA30330089573D /* PBXContainerItemProxy */;
		};
		B222F2051DAA30330089573D /* PBXTargetDependency */ = {
			isa = PBXTargetDependency;
			target = B222F1E31DAA30320089573D /* Atareque */;
			targetProxy = B222F2041DAA30330089573D /* PBXContainerItemProxy */;
		};
/* End PBXTargetDependency section */

/* Begin PBXVariantGroup section */
		966D77AF20DA9ED3009CD0B5 /* LaunchScreen.storyboard */ = {
			isa = PBXVariantGroup;
			children = (
				966D77B020DA9ED3009CD0B5 /* Base */,
			);
			name = LaunchScreen.storyboard;
			sourceTree = "<group>";
		};
		966D77B120DA9ED3009CD0B5 /* Main.storyboard */ = {
			isa = PBXVariantGroup;
			children = (
				966D77B220DA9ED3009CD0B5 /* Base */,
			);
			name = Main.storyboard;
			sourceTree = "<group>";
		};
/* End PBXVariantGroup section */

/* Begin XCBuildConfiguration section */
		B222F20A1DAA30330089573D /* Debug */ = {
			isa = XCBuildConfiguration;
			buildSettings = {
				ALWAYS_SEARCH_USER_PATHS = NO;
				CLANG_ANALYZER_NONNULL = YES;
				CLANG_CXX_LANGUAGE_STANDARD = "gnu++0x";
				CLANG_CXX_LIBRARY = "libc++";
				CLANG_ENABLE_MODULES = YES;
				CLANG_ENABLE_OBJC_ARC = YES;
				CLANG_WARN_BOOL_CONVERSION = YES;
				CLANG_WARN_CONSTANT_CONVERSION = YES;
				CLANG_WARN_DIRECT_OBJC_ISA_USAGE = YES_ERROR;
				CLANG_WARN_DOCUMENTATION_COMMENTS = YES;
				CLANG_WARN_EMPTY_BODY = YES;
				CLANG_WARN_ENUM_CONVERSION = YES;
				CLANG_WARN_INFINITE_RECURSION = YES;
				CLANG_WARN_INT_CONVERSION = YES;
				CLANG_WARN_OBJC_ROOT_CLASS = YES_ERROR;
				CLANG_WARN_SUSPICIOUS_MOVES = YES;
				CLANG_WARN_UNREACHABLE_CODE = YES;
				CLANG_WARN__DUPLICATE_METHOD_MATCH = YES;
				"CODE_SIGN_IDENTITY[sdk=iphoneos*]" = "iPhone Developer";
				COPY_PHASE_STRIP = NO;
				DEBUG_INFORMATION_FORMAT = dwarf;
				ENABLE_STRICT_OBJC_MSGSEND = YES;
				ENABLE_TESTABILITY = YES;
				GCC_C_LANGUAGE_STANDARD = gnu99;
				GCC_DYNAMIC_NO_PIC = NO;
				GCC_NO_COMMON_BLOCKS = YES;
				GCC_OPTIMIZATION_LEVEL = 0;
				GCC_PREPROCESSOR_DEFINITIONS = (
					"DEBUG=1",
					"$(inherited)",
				);
				GCC_WARN_64_TO_32_BIT_CONVERSION = YES;
				GCC_WARN_ABOUT_RETURN_TYPE = YES_ERROR;
				GCC_WARN_UNDECLARED_SELECTOR = YES;
				GCC_WARN_UNINITIALIZED_AUTOS = YES_AGGRESSIVE;
				GCC_WARN_UNUSED_FUNCTION = YES;
				GCC_WARN_UNUSED_VARIABLE = YES;
				IPHONEOS_DEPLOYMENT_TARGET = 10.0;
				MTL_ENABLE_DEBUG_INFO = YES;
				ONLY_ACTIVE_ARCH = YES;
				SDKROOT = iphoneos;
				SWIFT_ACTIVE_COMPILATION_CONDITIONS = DEBUG;
				SWIFT_OPTIMIZATION_LEVEL = "-Onone";
				TARGETED_DEVICE_FAMILY = "1,2";
			};
			name = Debug;
		};
		B222F20B1DAA30330089573D /* Release */ = {
			isa = XCBuildConfiguration;
			buildSettings = {
				ALWAYS_SEARCH_USER_PATHS = NO;
				CLANG_ANALYZER_NONNULL = YES;
				CLANG_CXX_LANGUAGE_STANDARD = "gnu++0x";
				CLANG_CXX_LIBRARY = "libc++";
				CLANG_ENABLE_MODULES = YES;
				CLANG_ENABLE_OBJC_ARC = YES;
				CLANG_WARN_BOOL_CONVERSION = YES;
				CLANG_WARN_CONSTANT_CONVERSION = YES;
				CLANG_WARN_DIRECT_OBJC_ISA_USAGE = YES_ERROR;
				CLANG_WARN_DOCUMENTATION_COMMENTS = YES;
				CLANG_WARN_EMPTY_BODY = YES;
				CLANG_WARN_ENUM_CONVERSION = YES;
				CLANG_WARN_INFINITE_RECURSION = YES;
				CLANG_WARN_INT_CONVERSION = YES;
				CLANG_WARN_OBJC_ROOT_CLASS = YES_ERROR;
				CLANG_WARN_SUSPICIOUS_MOVES = YES;
				CLANG_WARN_UNREACHABLE_CODE = YES;
				CLANG_WARN__DUPLICATE_METHOD_MATCH = YES;
				"CODE_SIGN_IDENTITY[sdk=iphoneos*]" = "iPhone Developer";
				COPY_PHASE_STRIP = NO;
				DEBUG_INFORMATION_FORMAT = "dwarf-with-dsym";
				ENABLE_NS_ASSERTIONS = NO;
				ENABLE_STRICT_OBJC_MSGSEND = YES;
				GCC_C_LANGUAGE_STANDARD = gnu99;
				GCC_NO_COMMON_BLOCKS = YES;
				GCC_WARN_64_TO_32_BIT_CONVERSION = YES;
				GCC_WARN_ABOUT_RETURN_TYPE = YES_ERROR;
				GCC_WARN_UNDECLARED_SELECTOR = YES;
				GCC_WARN_UNINITIALIZED_AUTOS = YES_AGGRESSIVE;
				GCC_WARN_UNUSED_FUNCTION = YES;
				GCC_WARN_UNUSED_VARIABLE = YES;
				IPHONEOS_DEPLOYMENT_TARGET = 10.0;
				MTL_ENABLE_DEBUG_INFO = NO;
				SDKROOT = iphoneos;
				SWIFT_OPTIMIZATION_LEVEL = "-Owholemodule";
				TARGETED_DEVICE_FAMILY = "1,2";
				VALIDATE_PRODUCT = YES;
			};
			name = Release;
		};
		B222F20D1DAA30330089573D /* Debug */ = {
			isa = XCBuildConfiguration;
			baseConfigurationReference = 5125DD2A6BDD674DE5B0E4BC /* Pods-Atareque.debug.xcconfig */;
			buildSettings = {
				ASSETCATALOG_COMPILER_APPICON_NAME = AppIcon;
				CLANG_ENABLE_MODULES = YES;
				DEVELOPMENT_TEAM = 5V8T3L6X7Y;
				INFOPLIST_FILE = Atareque/Info.plist;
				LD_RUNPATH_SEARCH_PATHS = "$(inherited) @executable_path/Frameworks";
				PRODUCT_BUNDLE_IDENTIFIER = Com.codelabs.atareque.Atareque;
				PRODUCT_NAME = "$(TARGET_NAME)";
				SWIFT_OBJC_BRIDGING_HEADER = "Atareque/Atareque-Bridging-Header.h";
				SWIFT_OPTIMIZATION_LEVEL = "-Onone";
				SWIFT_SWIFT3_OBJC_INFERENCE = On;
				SWIFT_VERSION = 4.0;
			};
			name = Debug;
		};
		B222F20E1DAA30330089573D /* Release */ = {
			isa = XCBuildConfiguration;
			baseConfigurationReference = 1A65674F3DE9609DB7896040 /* Pods-Atareque.release.xcconfig */;
			buildSettings = {
				ASSETCATALOG_COMPILER_APPICON_NAME = AppIcon;
				CLANG_ENABLE_MODULES = YES;
				DEVELOPMENT_TEAM = 5V8T3L6X7Y;
				INFOPLIST_FILE = Atareque/Info.plist;
				LD_RUNPATH_SEARCH_PATHS = "$(inherited) @executable_path/Frameworks";
				PRODUCT_BUNDLE_IDENTIFIER = Com.codelabs.atareque.Atareque;
				PRODUCT_NAME = "$(TARGET_NAME)";
				SWIFT_OBJC_BRIDGING_HEADER = "Atareque/Atareque-Bridging-Header.h";
				SWIFT_SWIFT3_OBJC_INFERENCE = On;
				SWIFT_VERSION = 4.0;
			};
			name = Release;
		};
		B222F2101DAA30330089573D /* Debug */ = {
			isa = XCBuildConfiguration;
			buildSettings = {
				ALWAYS_EMBED_SWIFT_STANDARD_LIBRARIES = YES;
				BUNDLE_LOADER = "$(TEST_HOST)";
				INFOPLIST_FILE = memuDemoTests/Info.plist;
				LD_RUNPATH_SEARCH_PATHS = "$(inherited) @executable_path/Frameworks @loader_path/Frameworks";
				PRODUCT_BUNDLE_IDENTIFIER = parth.memuDemoTests;
				PRODUCT_NAME = "$(TARGET_NAME)";
				SWIFT_VERSION = 3.0;
				TEST_HOST = "$(BUILT_PRODUCTS_DIR)/Atareque.app/Atareque";
			};
			name = Debug;
		};
		B222F2111DAA30330089573D /* Release */ = {
			isa = XCBuildConfiguration;
			buildSettings = {
				ALWAYS_EMBED_SWIFT_STANDARD_LIBRARIES = YES;
				BUNDLE_LOADER = "$(TEST_HOST)";
				INFOPLIST_FILE = memuDemoTests/Info.plist;
				LD_RUNPATH_SEARCH_PATHS = "$(inherited) @executable_path/Frameworks @loader_path/Frameworks";
				PRODUCT_BUNDLE_IDENTIFIER = parth.memuDemoTests;
				PRODUCT_NAME = "$(TARGET_NAME)";
				SWIFT_VERSION = 3.0;
				TEST_HOST = "$(BUILT_PRODUCTS_DIR)/Atareque.app/Atareque";
			};
			name = Release;
		};
		B222F2131DAA30330089573D /* Debug */ = {
			isa = XCBuildConfiguration;
			buildSettings = {
				ALWAYS_EMBED_SWIFT_STANDARD_LIBRARIES = YES;
				INFOPLIST_FILE = memuDemoUITests/Info.plist;
				LD_RUNPATH_SEARCH_PATHS = "$(inherited) @executable_path/Frameworks @loader_path/Frameworks";
				PRODUCT_BUNDLE_IDENTIFIER = parth.memuDemoUITests;
				PRODUCT_NAME = "$(TARGET_NAME)";
				SWIFT_VERSION = 3.0;
				TEST_TARGET_NAME = memuDemo;
			};
			name = Debug;
		};
		B222F2141DAA30330089573D /* Release */ = {
			isa = XCBuildConfiguration;
			buildSettings = {
				ALWAYS_EMBED_SWIFT_STANDARD_LIBRARIES = YES;
				INFOPLIST_FILE = memuDemoUITests/Info.plist;
				LD_RUNPATH_SEARCH_PATHS = "$(inherited) @executable_path/Frameworks @loader_path/Frameworks";
				PRODUCT_BUNDLE_IDENTIFIER = parth.memuDemoUITests;
				PRODUCT_NAME = "$(TARGET_NAME)";
				SWIFT_VERSION = 3.0;
				TEST_TARGET_NAME = memuDemo;
			};
			name = Release;
		};
/* End XCBuildConfiguration section */

/* Begin XCConfigurationList section */
		B222F1DF1DAA30320089573D /* Build configuration list for PBXProject "Atareque" */ = {
			isa = XCConfigurationList;
			buildConfigurations = (
				B222F20A1DAA30330089573D /* Debug */,
				B222F20B1DAA30330089573D /* Release */,
			);
			defaultConfigurationIsVisible = 0;
			defaultConfigurationName = Release;
		};
		B222F20C1DAA30330089573D /* Build configuration list for PBXNativeTarget "Atareque" */ = {
			isa = XCConfigurationList;
			buildConfigurations = (
				B222F20D1DAA30330089573D /* Debug */,
				B222F20E1DAA30330089573D /* Release */,
			);
			defaultConfigurationIsVisible = 0;
			defaultConfigurationName = Release;
		};
		B222F20F1DAA30330089573D /* Build configuration list for PBXNativeTarget "AtarequeTests" */ = {
			isa = XCConfigurationList;
			buildConfigurations = (
				B222F2101DAA30330089573D /* Debug */,
				B222F2111DAA30330089573D /* Release */,
			);
			defaultConfigurationIsVisible = 0;
			defaultConfigurationName = Release;
		};
		B222F2121DAA30330089573D /* Build configuration list for PBXNativeTarget "AtarequeUITests" */ = {
			isa = XCConfigurationList;
			buildConfigurations = (
				B222F2131DAA30330089573D /* Debug */,
				B222F2141DAA30330089573D /* Release */,
			);
			defaultConfigurationIsVisible = 0;
			defaultConfigurationName = Release;
		};
/* End XCConfigurationList section */
	};
	rootObject = B222F1DC1DAA30320089573D /* Project object */;
}
